<?xml version="1.0" encoding="utf-8"?>
<Project ToolsVersion="4.0" xmlns="http://schemas.microsoft.com/developer/msbuild/2003">
  <ItemGroup>
    <Filter Include="Source Files">
      <UniqueIdentifier>{4FC737F1-C7A5-4376-A066-2A32D752A2FF}</UniqueIdentifier>
      <Extensions>qml;cpp;c;cc;cxx;def;odl;idl;hpj;bat;asm;asmx</Extensions>
    </Filter>
    <Filter Include="Header Files">
      <UniqueIdentifier>{93995380-89BD-4b04-88EB-625FBE52EBFB}</UniqueIdentifier>
      <Extensions>h;hh;hpp;hxx;hm;inl;inc;xsd</Extensions>
    </Filter>
    <Filter Include="Resource Files">
      <UniqueIdentifier>{67DA6AB6-F800-4c08-8B7A-83BB121AAD01}</UniqueIdentifier>
      <Extensions>qrc;rc;ico;cur;bmp;dlg;rc2;rct;bin;rgs;gif;jpg;jpeg;jpe;resx;tiff;tif;png;wav;mfcribbon-ms</Extensions>
    </Filter>
    <Filter Include="Form Files">
      <UniqueIdentifier>{99349809-55BA-4b9d-BF79-8FDBB0286EB3}</UniqueIdentifier>
      <Extensions>ui</Extensions>
    </Filter>
    <Filter Include="Translation Files">
      <UniqueIdentifier>{639EADAA-A684-42e4-A9AD-28FC9BCB8F7C}</UniqueIdentifier>
      <Extensions>ts</Extensions>
    </Filter>
    <Filter Include="Networking">
      <UniqueIdentifier>{bbfe976e-44e8-48c7-8faa-feed2837af12}</UniqueIdentifier>
    </Filter>
    <Filter Include="VR Overlays">
      <UniqueIdentifier>{75a30d36-bf98-4b3f-bde7-1b36c071e4d9}</UniqueIdentifier>
    </Filter>
    <Filter Include="VR Trackers">
      <UniqueIdentifier>{af7ce076-522d-4436-a6dc-934d0556e1c9}</UniqueIdentifier>
    </Filter>
    <Filter Include="VR General">
      <UniqueIdentifier>{b942e088-c701-4343-aab1-2486368cd12f}</UniqueIdentifier>
    </Filter>
  </ItemGroup>
  <ItemGroup>
    <QtRcc Include="DashboardWidget.qrc">
      <Filter>Resource Files</Filter>
    </QtRcc>
    <QtUic Include="DashboardWidget.ui">
      <Filter>Form Files</Filter>
    </QtUic>
  </ItemGroup>
  <ItemGroup>
    <ClCompile Include="main.cpp">
      <Filter>Source Files</Filter>
    </ClCompile>
    <ClCompile Include="mathUtil.cpp">
      <Filter>Source Files</Filter>
    </ClCompile>
    <ClCompile Include="websiteServer.cpp">
      <Filter>Networking</Filter>
    </ClCompile>
    <ClCompile Include="DashboardWidget.cpp">
      <Filter>VR Overlays</Filter>
    </ClCompile>
    <ClCompile Include="VRDashboardOverlay.cpp">
      <Filter>VR Overlays</Filter>
    </ClCompile>
    <ClCompile Include="vrUtil.cpp">
      <Filter>VR General</Filter>
    </ClCompile>
    <ClCompile Include="PlayspaceMover.cpp">
      <Filter>VR General</Filter>
    </ClCompile>
    <ClCompile Include="PoseTracker.cpp">
      <Filter>VR Trackers</Filter>
    </ClCompile>
    <ClCompile Include="CameraManager.cpp">
      <Filter>VR Trackers</Filter>
    </ClCompile>
    <ClCompile Include="OverlayManager.cpp">
      <Filter>VR Overlays</Filter>
    </ClCompile>
    <ClCompile Include="Config.cpp">
      <Filter>Source Files</Filter>
    </ClCompile>
    <ClCompile Include="VRFloatingOverlay.cpp">
      <Filter>VR Overlays</Filter>
    </ClCompile>
    <ClCompile Include="OverlayWidget.cpp">
      <Filter>VR Overlays</Filter>
    </ClCompile>
  </ItemGroup>
  <ItemGroup>
    <ClInclude Include="mathUtil.h">
      <Filter>Header Files</Filter>
    </ClInclude>
    <ClInclude Include="vrUtil.h">
      <Filter>VR General</Filter>
    </ClInclude>
    <ClInclude Include="PlayspaceMover.h">
      <Filter>VR General</Filter>
    </ClInclude>
    <ClInclude Include="PoseTracker.h">
      <Filter>VR Trackers</Filter>
    </ClInclude>
    <ClInclude Include="CameraManager.h">
      <Filter>VR Trackers</Filter>
    </ClInclude>
    <ClInclude Include="OverlayManager.h">
      <Filter>VR Overlays</Filter>
    </ClInclude>
    <ClInclude Include="Config.h">
      <Filter>Header Files</Filter>
    </ClInclude>
  </ItemGroup>
  <ItemGroup>
    <QtMoc Include="websiteServer.h">
      <Filter>Networking</Filter>
    </QtMoc>
    <QtMoc Include="DashboardWidget.h">
      <Filter>VR Overlays</Filter>
    </QtMoc>
    <QtMoc Include="VRDashboardOverlay.h">
      <Filter>VR Overlays</Filter>
    </QtMoc>
    <QtMoc Include="VRFloatingOverlay.h">
      <Filter>VR Overlays</Filter>
    </QtMoc>
    <QtMoc Include="OverlayWidget.h">
      <Filter>VR Overlays</Filter>
    </QtMoc>
  </ItemGroup>
  <ItemGroup>
    <QtUic Include="OverlayWidget.ui">
      <Filter>Form Files</Filter>
    </QtUic>
  </ItemGroup>
  <ItemGroup>
    <Text Include="ToDo Notes.txt" />
  </ItemGroup>
</Project>